{
  "name": "tonie06githubio",
  "lockfileVersion": 2,
  "requires": true,
  "packages": {
    "": {
      "dependencies": {
        "fullpage.js": "^4.0.15",
        "jquery": "^3.6.1"
      }
    },
    "node_modules/fullpage.js": {
      "version": "4.0.15",
      "resolved": "https://registry.npmjs.org/fullpage.js/-/fullpage.js-4.0.15.tgz",
      "integrity": "sha512-OKyGyIY4Qlz47AmnYoJ9Kn2XzOyAufTSgkQqa+K2RENeTbmUoctFDX/Ox1LOdacsUNsYKvnty1lrKKYJNEB2Pw=="
    },
    "node_modules/jquery": {
      "version": "3.6.1",
      "resolved": "https://registry.npmjs.org/jquery/-/jquery-3.6.1.tgz",
      "integrity": "sha512-opJeO4nCucVnsjiXOE+/PcCgYw9Gwpvs/a6B1LL/lQhwWwpbVEVYDZ1FokFr8PRc7ghYlrFPuyHuiiDNTQxmcw=="
    }
  },
  "dependencies": {
    "fullpage.js": {
      "version": "4.0.15",
      "resolved": "https://registry.npmjs.org/fullpage.js/-/fullpage.js-4.0.15.tgz",
      "integrity": "sha512-OKyGyIY4Qlz47AmnYoJ9Kn2XzOyAufTSgkQqa+K2RENeTbmUoctFDX/Ox1LOdacsUNsYKvnty1lrKKYJNEB2Pw=="
    },
    "jquery": {
      "version": "3.6.1",
      "resolved": "https://registry.npmjs.org/jquery/-/jquery-3.6.1.tgz",
      "integrity": "sha512-opJeO4nCucVnsjiXOE+/PcCgYw9Gwpvs/a6B1LL/lQhwWwpbVEVYDZ1FokFr8PRc7ghYlrFPuyHuiiDNTQxmcw=="
    }
  }
}
